dependencies:
  esp_lcd_panel_ssd1681:
    component_hash: null
    source:
      path: /Users/aivo/Downloads/Arendus/Majasa/esp-gps-logger/espidf-gps-logger/components/esp_lcd_panel_ssd1681
      type: local
    version: 0.1.0
  idf:
    component_hash: null
    source:
      type: idf
    version: 5.2.2
  logger_common:
    component_hash: null
    source:
      path: /Users/aivo/Downloads/Arendus/Majasa/esp-gps-logger/espidf-gps-logger/components/logger_common
      type: local
    version: 0.1.0
manifest_hash: 613b229be4415906ad914cd01443e9b00f6a51b61dc10d3d49ebcc2d68467a2c
target: esp32
version: 1.0.0
